// !$*UTF8*$!
{
	archiveVersion = 1;
	classes = {
	};
	objectVersion = 50;
	objects = {

/* Begin PBXBuildFile section */
		A4E37BFA22AE770900F3BCB8 /* AppDelegate.swift in Sources */ = {isa = PBXBuildFile; fileRef = A4E37BF922AE770900F3BCB8 /* AppDelegate.swift */; };
		A4E37BFC22AE770900F3BCB8 /* ViewController.swift in Sources */ = {isa = PBXBuildFile; fileRef = A4E37BFB22AE770900F3BCB8 /* ViewController.swift */; };
		A4E37BFF22AE770900F3BCB8 /* Main.storyboard in Resources */ = {isa = PBXBuildFile; fileRef = A4E37BFD22AE770900F3BCB8 /* Main.storyboard */; };
		A4E37C0122AE770B00F3BCB8 /* Assets.xcassets in Resources */ = {isa = PBXBuildFile; fileRef = A4E37C0022AE770B00F3BCB8 /* Assets.xcassets */; };
		A4E37C0422AE770B00F3BCB8 /* LaunchScreen.storyboard in Resources */ = {isa = PBXBuildFile; fileRef = A4E37C0222AE770B00F3BCB8 /* LaunchScreen.storyboard */; };
		A4E37C0F22AE770B00F3BCB8 /* testTests.swift in Sources */ = {isa = PBXBuildFile; fileRef = A4E37C0E22AE770B00F3BCB8 /* testTests.swift */; };
		A4E37C1A22AE770B00F3BCB8 /* testUITests.swift in Sources */ = {isa = PBXBuildFile; fileRef = A4E37C1922AE770B00F3BCB8 /* testUITests.swift */; };
/* End PBXBuildFile section */

/* Begin PBXContainerItemProxy section */
		A4E37C0B22AE770B00F3BCB8 /* PBXContainerItemProxy */ = {
			isa = PBXContainerItemProxy;
			containerPortal = A4E37BEE22AE770900F3BCB8 /* Project object */;
			proxyType = 1;
			remoteGlobalIDString = A4E37BF522AE770900F3BCB8;
			remoteInfo = test;
		};
		A4E37C1622AE770B00F3BCB8 /* PBXContainerItemProxy */ = {
			isa = PBXContainerItemProxy;
			containerPortal = A4E37BEE22AE770900F3BCB8 /* Project object */;
			proxyType = 1;
			remoteGlobalIDString = A4E37BF522AE770900F3BCB8;
			remoteInfo = test;
		};
/* End PBXContainerItemProxy section */

/* Begin PBXFileReference section */
		A4E37BF622AE770900F3BCB8 /* test.app */ = {isa = PBXFileReference; explicitFileType = wrapper.application; includeInIndex = 0; path = test.app; sourceTree = BUILT_PRODUCTS_DIR; };
		A4E37BF922AE770900F3BCB8 /* AppDelegate.swift */ = {isa = PBXFileReference; lastKnownFileType = sourcecode.swift; path = AppDelegate.swift; sourceTree = "<group>"; };
		A4E37BFB22AE770900F3BCB8 /* ViewController.swift */ = {isa = PBXFileReference; lastKnownFileType = sourcecode.swift; path = ViewController.swift; sourceTree = "<group>"; };
		A4E37BFE22AE770900F3BCB8 /* Base */ = {isa = PBXFileReference; lastKnownFileType = file.storyboard; name = Base; path = Base.lproj/Main.storyboard; sourceTree = "<group>"; };
		A4E37C0022AE770B00F3BCB8 /* Assets.xcassets */ = {isa = PBXFileReference; lastKnownFileType = folder.assetcatalog; path = Assets.xcassets; sourceTree = "<group>"; };
		A4E37C0322AE770B00F3BCB8 /* Base */ = {isa = PBXFileReference; lastKnownFileType = file.storyboard; name = Base; path = Base.lproj/LaunchScreen.storyboard; sourceTree = "<group>"; };
		A4E37C0522AE770B00F3BCB8 /* Info.plist */ = {isa = PBXFileReference; lastKnownFileType = text.plist.xml; path = Info.plist; sourceTree = "<group>"; };
		A4E37C0A22AE770B00F3BCB8 /* testTests.xctest */ = {isa = PBXFileReference; explicitFileType = wrapper.cfbundle; includeInIndex = 0; path = testTests.xctest; sourceTree = BUILT_PRODUCTS_DIR; };
		A4E37C0E22AE770B00F3BCB8 /* testTests.swift */ = {isa = PBXFileReference; lastKnownFileType = sourcecode.swift; path = testTests.swift; sourceTree = "<group>"; };
		A4E37C1022AE770B00F3BCB8 /* Info.plist */ = {isa = PBXFileReference; lastKnownFileType = text.plist.xml; path = Info.plist; sourceTree = "<group>"; };
		A4E37C1522AE770B00F3BCB8 /* testUITests.xctest */ = {isa = PBXFileReference; explicitFileType = wrapper.cfbundle; includeInIndex = 0; path = testUITests.xctest; sourceTree = BUILT_PRODUCTS_DIR; };
		A4E37C1922AE770B00F3BCB8 /* testUITests.swift */ = {isa = PBXFileReference; lastKnownFileType = sourcecode.swift; path = testUITests.swift; sourceTree = "<group>"; };
		A4E37C1B22AE770B00F3BCB8 /* Info.plist */ = {isa = PBXFileReference; lastKnownFileType = text.plist.xml; path = Info.plist; sourceTree = "<group>"; };
/* End PBXFileReference section */

/* Begin PBXFrameworksBuildPhase section */
		A4E37BF322AE770900F3BCB8 /* Frameworks */ = {
			isa = PBXFrameworksBuildPhase;
			buildActionMask = 2147483647;
			files = (
			);
			runOnlyForDeploymentPostprocessing = 0;
		};
		A4E37C0722AE770B00F3BCB8 /* Frameworks */ = {
			isa = PBXFrameworksBuildPhase;
			buildActionMask = 2147483647;
			files = (
			);
			runOnlyForDeploymentPostprocessing = 0;
		};
		A4E37C1222AE770B00F3BCB8 /* Frameworks */ = {
			isa = PBXFrameworksBuildPhase;
			buildActionMask = 2147483647;
			files = (
			);
			runOnlyForDeploymentPostprocessing = 0;
		};
/* End PBXFrameworksBuildPhase section */

/* Begin PBXGroup section */
		A4E37BED22AE770900F3BCB8 = {
			isa = PBXGroup;
			children = (
				A4E37BF822AE770900F3BCB8 /* test */,
				A4E37C0D22AE770B00F3BCB8 /* testTests */,
				A4E37C1822AE770B00F3BCB8 /* testUITests */,
				A4E37BF722AE770900F3BCB8 /* Products */,
			);
			sourceTree = "<group>";
		};
		A4E37BF722AE770900F3BCB8 /* Products */ = {
			isa = PBXGroup;
			children = (
				A4E37BF622AE770900F3BCB8 /* test.app */,
				A4E37C0A22AE770B00F3BCB8 /* testTests.xctest */,
				A4E37C1522AE770B00F3BCB8 /* testUITests.xctest */,
			);
			name = Products;
			sourceTree = "<group>";
		};
		A4E37BF822AE770900F3BCB8 /* test */ = {
			isa = PBXGroup;
			children = (
				A4E37BF922AE770900F3BCB8 /* AppDelegate.swift */,
				A4E37BFB22AE770900F3BCB8 /* ViewController.swift */,
				A4E37BFD22AE770900F3BCB8 /* Main.storyboard */,
				A4E37C0022AE770B00F3BCB8 /* Assets.xcassets */,
				A4E37C0222AE770B00F3BCB8 /* LaunchScreen.storyboard */,
				A4E37C0522AE770B00F3BCB8 /* Info.plist */,
			);
			path = test;
			sourceTree = "<group>";
		};
		A4E37C0D22AE770B00F3BCB8 /* testTests */ = {
			isa = PBXGroup;
			children = (
				A4E37C0E22AE770B00F3BCB8 /* testTests.swift */,
				A4E37C1022AE770B00F3BCB8 /* Info.plist */,
			);
			path = testTests;
			sourceTree = "<group>";
		};
		A4E37C1822AE770B00F3BCB8 /* testUITests */ = {
			isa = PBXGroup;
			children = (
				A4E37C1922AE770B00F3BCB8 /* testUITests.swift */,
				A4E37C1B22AE770B00F3BCB8 /* Info.plist */,
			);
			path = testUITests;
			sourceTree = "<group>";
		};
/* End PBXGroup section */

/* Begin PBXNativeTarget section */
		A4E37BF522AE770900F3BCB8 /* test */ = {
			isa = PBXNativeTarget;
			buildConfigurationList = A4E37C1E22AE770B00F3BCB8 /* Build configuration list for PBXNativeTarget "test" */;
			buildPhases = (
				A4E37BF222AE770900F3BCB8 /* Sources */,
				A4E37BF322AE770900F3BCB8 /* Frameworks */,
				A4E37BF422AE770900F3BCB8 /* Resources */,
			);
			buildRules = (
			);
			dependencies = (
			);
			name = test;
			productName = test;
			productReference = A4E37BF622AE770900F3BCB8 /* test.app */;
			productType = "com.apple.product-type.application";
		};
		A4E37C0922AE770B00F3BCB8 /* testTests */ = {
			isa = PBXNativeTarget;
			buildConfigurationList = A4E37C2122AE770B00F3BCB8 /* Build configuration list for PBXNativeTarget "testTests" */;
			buildPhases = (
				A4E37C0622AE770B00F3BCB8 /* Sources */,
				A4E37C0722AE770B00F3BCB8 /* Frameworks */,
				A4E37C0822AE770B00F3BCB8 /* Resources */,
			);
			buildRules = (
			);
			dependencies = (
				A4E37C0C22AE770B00F3BCB8 /* PBXTargetDependency */,
			);
			name = testTests;
			productName = testTests;
			productReference = A4E37C0A22AE770B00F3BCB8 /* testTests.xctest */;
			productType = "com.apple.product-type.bundle.unit-test";
		};
		A4E37C1422AE770B00F3BCB8 /* testUITests */ = {
			isa = PBXNativeTarget;
			buildConfigurationList = A4E37C2422AE770B00F3BCB8 /* Build configuration list for PBXNativeTarget "testUITests" */;
			buildPhases = (
				A4E37C1122AE770B00F3BCB8 /* Sources */,
				A4E37C1222AE770B00F3BCB8 /* Frameworks */,
				A4E37C1322AE770B00F3BCB8 /* Resources */,
			);
			buildRules = (
			);
			dependencies = (
				A4E37C1722AE770B00F3BCB8 /* PBXTargetDependency */,
			);
			name = testUITests;
			productName = testUITests;
			productReference = A4E37C1522AE770B00F3BCB8 /* testUITests.xctest */;
			productType = "com.apple.product-type.bundle.ui-testing";
		};
/* End PBXNativeTarget section */

/* Begin PBXProject section */
		A4E37BEE22AE770900F3BCB8 /* Project object */ = {
			isa = PBXProject;
			attributes = {
				LastSwiftUpdateCheck = 1020;
				LastUpgradeCheck = 1020;
				ORGANIZATIONNAME = w3care;
				TargetAttributes = {
					A4E37BF522AE770900F3BCB8 = {
						CreatedOnToolsVersion = 10.2.1;
					};
					A4E37C0922AE770B00F3BCB8 = {
						CreatedOnToolsVersion = 10.2.1;
						TestTargetID = A4E37BF522AE770900F3BCB8;
					};
					A4E37C1422AE770B00F3BCB8 = {
						CreatedOnToolsVersion = 10.2.1;
						TestTargetID = A4E37BF522AE770900F3BCB8;
					};
				};
			};
			buildConfigurationList = A4E37BF122AE770900F3BCB8 /* Build configuration list for PBXProject "test" */;
			compatibilityVersion = "Xcode 9.3";
			developmentRegion = en;
			hasScannedForEncodings = 0;
			knownRegions = (
				en,
				Base,
			);
			mainGroup = A4E37BED22AE770900F3BCB8;
			productRefGroup = A4E37BF722AE770900F3BCB8 /* Products */;
			projectDirPath = "";
			projectRoot = "";
			targets = (
				A4E37BF522AE770900F3BCB8 /* test */,
				A4E37C0922AE770B00F3BCB8 /* testTests */,
				A4E37C1422AE770B00F3BCB8 /* testUITests */,
			);
		};
/* End PBXProject section */

/* Begin PBXResourcesBuildPhase section */
		A4E37BF422AE770900F3BCB8 /* Resources */ = {
			isa = PBXResourcesBuildPhase;
			buildActionMask = 2147483647;
			files = (
				A4E37C0422AE770B00F3BCB8 /* LaunchScreen.storyboard in Resources */,
				A4E37C0122AE770B00F3BCB8 /* Assets.xcassets in Resources */,
				A4E37BFF22AE770900F3BCB8 /* Main.storyboard in Resources */,
			);
			runOnlyForDeploymentPostprocessing = 0;
		};
		A4E37C0822AE770B00F3BCB8 /* Resources */ = {
			isa = PBXResourcesBuildPhase;
			buildActionMask = 2147483647;
			files = (
			);
			runOnlyForDeploymentPostprocessing = 0;
		};
		A4E37C1322AE770B00F3BCB8 /* Resources */ = {
			isa = PBXResourcesBuildPhase;
			buildActionMask = 2147483647;
			files = (
			);
			runOnlyForDeploymentPostprocessing = 0;
		};
/* End PBXResourcesBuildPhase section */

/* Begin PBXSourcesBuildPhase section */
		A4E37BF222AE770900F3BCB8 /* Sources */ = {
			isa = PBXSourcesBuildPhase;
			buildActionMask = 2147483647;
			files = (
				A4E37BFC22AE770900F3BCB8 /* ViewController.swift in Sources */,
				A4E37BFA22AE770900F3BCB8 /* AppDelegate.swift in Sources */,
			);
			runOnlyForDeploymentPostprocessing = 0;
		};
		A4E37C0622AE770B00F3BCB8 /* Sources */ = {
			isa = PBXSourcesBuildPhase;
			buildActionMask = 2147483647;
			files = (
				A4E37C0F22AE770B00F3BCB8 /* testTests.swift in Sources */,
			);
			runOnlyForDeploymentPostprocessing = 0;
		};
		A4E37C1122AE770B00F3BCB8 /* Sources */ = {
			isa = PBXSourcesBuildPhase;
			buildActionMask = 2147483647;
			files = (
				A4E37C1A22AE770B00F3BCB8 /* testUITests.swift in Sources */,
			);
			runOnlyForDeploymentPostprocessing = 0;
		};
/* End PBXSourcesBuildPhase section */

/* Begin PBXTargetDependency section */
		A4E37C0C22AE770B00F3BCB8 /* PBXTargetDependency */ = {
			isa = PBXTargetDependency;
			target = A4E37BF522AE770900F3BCB8 /* test */;
			targetProxy = A4E37C0B22AE770B00F3BCB8 /* PBXContainerItemProxy */;
		};
		A4E37C1722AE770B00F3BCB8 /* PBXTargetDependency */ = {
			isa = PBXTargetDependency;
			target = A4E37BF522AE770900F3BCB8 /* test */;
			targetProxy = A4E37C1622AE770B00F3BCB8 /* PBXContainerItemProxy */;
		};
/* End PBXTargetDependency section */

/* Begin PBXVariantGroup section */
		A4E37BFD22AE770900F3BCB8 /* Main.storyboard */ = {
			isa = PBXVariantGroup;
			children = (
				A4E37BFE22AE770900F3BCB8 /* Base */,
			);
			name = Main.storyboard;
			sourceTree = "<group>";
		};
		A4E37C0222AE770B00F3BCB8 /* LaunchScreen.storyboard */ = {
			isa = PBXVariantGroup;
			children = (
				A4E37C0322AE770B00F3BCB8 /* Base */,
			);
			name = LaunchScreen.storyboard;
			sourceTree = "<group>";
		};
/* End PBXVariantGroup section */

/* Begin XCBuildConfiguration section */
		A4E37C1C22AE770B00F3BCB8 /* Debug */ = {
			isa = XCBuildConfiguration;
			buildSettings = {
				ALWAYS_SEARCH_USER_PATHS = NO;
				CLANG_ANALYZER_NONNULL = YES;
				CLANG_ANALYZER_NUMBER_OBJECT_CONVERSION = YES_AGGRESSIVE;
				CLANG_CXX_LANGUAGE_STANDARD = "gnu++14";
				CLANG_CXX_LIBRARY = "libc++";
				CLANG_ENABLE_MODULES = YES;
				CLANG_ENABLE_OBJC_ARC = YES;
				CLANG_ENABLE_OBJC_WEAK = YES;
				CLANG_WARN_BLOCK_CAPTURE_AUTORELEASING = YES;
				CLANG_WARN_BOOL_CONVERSION = YES;
				CLANG_WARN_COMMA = YES;
				CLANG_WARN_CONSTANT_CONVERSION = YES;
				CLANG_WARN_DEPRECATED_OBJC_IMPLEMENTATIONS = YES;
				CLANG_WARN_DIRECT_OBJC_ISA_USAGE = YES_ERROR;
				CLANG_WARN_DOCUMENTATION_COMMENTS = YES;
				CLANG_WARN_EMPTY_BODY = YES;
				CLANG_WARN_ENUM_CONVERSION = YES;
				CLANG_WARN_INFINITE_RECURSION = YES;
				CLANG_WARN_INT_CONVERSION = YES;
				CLANG_WARN_NON_LITERAL_NULL_CONVERSION = YES;
				CLANG_WARN_OBJC_IMPLICIT_RETAIN_SELF = YES;
				CLANG_WARN_OBJC_LITERAL_CONVERSION = YES;
				CLANG_WARN_OBJC_ROOT_CLASS = YES_ERROR;
				CLANG_WARN_RANGE_LOOP_ANALYSIS = YES;
				CLANG_WARN_STRICT_PROTOTYPES = YES;
				CLANG_WARN_SUSPICIOUS_MOVE = YES;
				CLANG_WARN_UNGUARDED_AVAILABILITY = YES_AGGRESSIVE;
				CLANG_WARN_UNREACHABLE_CODE = YES;
				CLANG_WARN__DUPLICATE_METHOD_MATCH = YES;
				CODE_SIGN_IDENTITY = "iPhone Developer";
				COPY_PHASE_STRIP = NO;
				DEBUG_INFORMATION_FORMAT = dwarf;
				ENABLE_STRICT_OBJC_MSGSEND = YES;
				ENABLE_TESTABILITY = YES;
				GCC_C_LANGUAGE_STANDARD = gnu11;
				GCC_DYNAMIC_NO_PIC = NO;
				GCC_NO_COMMON_BLOCKS = YES;
				GCC_OPTIMIZATION_LEVEL = 0;
				GCC_PREPROCESSOR_DEFINITIONS = (
					"DEBUG=1",
					"$(inherited)",
				);
				GCC_WARN_64_TO_32_BIT_CONVERSION = YES;
				GCC_WARN_ABOUT_RETURN_TYPE = YES_ERROR;
				GCC_WARN_UNDECLARED_SELECTOR = YES;
				GCC_WARN_UNINITIALIZED_AUTOS = YES_AGGRESSIVE;
				GCC_WARN_UNUSED_FUNCTION = YES;
				GCC_WARN_UNUSED_VARIABLE = YES;
				IPHONEOS_DEPLOYMENT_TARGET = 12.2;
				MTL_ENABLE_DEBUG_INFO = INCLUDE_SOURCE;
				MTL_FAST_MATH = YES;
				ONLY_ACTIVE_ARCH = YES;
				SDKROOT = iphoneos;
				SWIFT_ACTIVE_COMPILATION_CONDITIONS = DEBUG;
				SWIFT_OPTIMIZATION_LEVEL = "-Onone";
			};
			name = Debug;
		};
		A4E37C1D22AE770B00F3BCB8 /* Release */ = {
			isa = XCBuildConfiguration;
			buildSettings = {
				ALWAYS_SEARCH_USER_PATHS = NO;
				CLANG_ANALYZER_NONNULL = YES;
				CLANG_ANALYZER_NUMBER_OBJECT_CONVERSION = YES_AGGRESSIVE;
				CLANG_CXX_LANGUAGE_STANDARD = "gnu++14";
				CLANG_CXX_LIBRARY = "libc++";
				CLANG_ENABLE_MODULES = YES;
				CLANG_ENABLE_OBJC_ARC = YES;
				CLANG_ENABLE_OBJC_WEAK = YES;
				CLANG_WARN_BLOCK_CAPTURE_AUTORELEASING = YES;
				CLANG_WARN_BOOL_CONVERSION = YES;
				CLANG_WARN_COMMA = YES;
				CLANG_WARN_CONSTANT_CONVERSION = YES;
				CLANG_WARN_DEPRECATED_OBJC_IMPLEMENTATIONS = YES;
				CLANG_WARN_DIRECT_OBJC_ISA_USAGE = YES_ERROR;
				CLANG_WARN_DOCUMENTATION_COMMENTS = YES;
				CLANG_WARN_EMPTY_BODY = YES;
				CLANG_WARN_ENUM_CONVERSION = YES;
				CLANG_WARN_INFINITE_RECURSION = YES;
				CLANG_WARN_INT_CONVERSION = YES;
				CLANG_WARN_NON_LITERAL_NULL_CONVERSION = YES;
				CLANG_WARN_OBJC_IMPLICIT_RETAIN_SELF = YES;
				CLANG_WARN_OBJC_LITERAL_CONVERSION = YES;
				CLANG_WARN_OBJC_ROOT_CLASS = YES_ERROR;
				CLANG_WARN_RANGE_LOOP_ANALYSIS = YES;
				CLANG_WARN_STRICT_PROTOTYPES = YES;
				CLANG_WARN_SUSPICIOUS_MOVE = YES;
				CLANG_WARN_UNGUARDED_AVAILABILITY = YES_AGGRESSIVE;
				CLANG_WARN_UNREACHABLE_CODE = YES;
				CLANG_WARN__DUPLICATE_METHOD_MATCH = YES;
				CODE_SIGN_IDENTITY = "iPhone Developer";
				COPY_PHASE_STRIP = NO;
				DEBUG_INFORMATION_FORMAT = "dwarf-with-dsym";
				ENABLE_NS_ASSERTIONS = NO;
				ENABLE_STRICT_OBJC_MSGSEND = YES;
				GCC_C_LANGUAGE_STANDARD = gnu11;
				GCC_NO_COMMON_BLOCKS = YES;
				GCC_WARN_64_TO_32_BIT_CONVERSION = YES;
				GCC_WARN_ABOUT_RETURN_TYPE = YES_ERROR;
				GCC_WARN_UNDECLARED_SELECTOR = YES;
				GCC_WARN_UNINITIALIZED_AUTOS = YES_AGGRESSIVE;
				GCC_WARN_UNUSED_FUNCTION = YES;
				GCC_WARN_UNUSED_VARIABLE = YES;
				IPHONEOS_DEPLOYMENT_TARGET = 12.2;
				MTL_ENABLE_DEBUG_INFO = NO;
				MTL_FAST_MATH = YES;
				SDKROOT = iphoneos;
				SWIFT_COMPILATION_MODE = wholemodule;
				SWIFT_OPTIMIZATION_LEVEL = "-O";
				VALIDATE_PRODUCT = YES;
			};
			name = Release;
		};
		A4E37C1F22AE770B00F3BCB8 /* Debug */ = {
			isa = XCBuildConfiguration;
			buildSettings = {
				ASSETCATALOG_COMPILER_APPICON_NAME = AppIcon;
				CODE_SIGN_STYLE = Automatic;
				DEVELOPMENT_TEAM = NCV2926QB3;
				INFOPLIST_FILE = test/Info.plist;
				LD_RUNPATH_SEARCH_PATHS = (
					"$(inherited)",
					"@executable_path/Frameworks",
				);
				PRODUCT_BUNDLE_IDENTIFIER = com.w3care.test;
				PRODUCT_NAME = "$(TARGET_NAME)";
				SWIFT_VERSION = 5.0;
				TARGETED_DEVICE_FAMILY = "1,2";
			};
			name = Debug;
		};
		A4E37C2022AE770B00F3BCB8 /* Release */ = {
			isa = XCBuildConfiguration;
			buildSettings = {
				ASSETCATALOG_COMPILER_APPICON_NAME = AppIcon;
				CODE_SIGN_STYLE = Automatic;
				DEVELOPMENT_TEAM = NCV2926QB3;
				INFOPLIST_FILE = test/Info.plist;
				LD_RUNPATH_SEARCH_PATHS = (
					"$(inherited)",
					"@executable_path/Frameworks",
				);
				PRODUCT_BUNDLE_IDENTIFIER = com.w3care.test;
				PRODUCT_NAME = "$(TARGET_NAME)";
				SWIFT_VERSION = 5.0;
				TARGETED_DEVICE_FAMILY = "1,2";
			};
			name = Release;
		};
		A4E37C2222AE770B00F3BCB8 /* Debug */ = {
			isa = XCBuildConfiguration;
			buildSettings = {
				ALWAYS_EMBED_SWIFT_STANDARD_LIBRARIES = YES;
				BUNDLE_LOADER = "$(TEST_HOST)";
				CODE_SIGN_STYLE = Automatic;
				DEVELOPMENT_TEAM = NCV2926QB3;
				INFOPLIST_FILE = testTests/Info.plist;
				LD_RUNPATH_SEARCH_PATHS = (
					"$(inherited)",
					"@executable_path/Frameworks",
					"@loader_path/Frameworks",
				);
				PRODUCT_BUNDLE_IDENTIFIER = com.w3care.testTests;
				PRODUCT_NAME = "$(TARGET_NAME)";
				SWIFT_VERSION = 5.0;
				TARGETED_DEVICE_FAMILY = "1,2";
				TEST_HOST = "$(BUILT_PRODUCTS_DIR)/test.app/test";
			};
			name = Debug;
		};
		A4E37C2322AE770B00F3BCB8 /* Release */ = {
			isa = XCBuildConfiguration;
			buildSettings = {
				ALWAYS_EMBED_SWIFT_STANDARD_LIBRARIES = YES;
				BUNDLE_LOADER = "$(TEST_HOST)";
				CODE_SIGN_STYLE = Automatic;
				DEVELOPMENT_TEAM = NCV2926QB3;
				INFOPLIST_FILE = testTests/Info.plist;
				LD_RUNPATH_SEARCH_PATHS = (
					"$(inherited)",
					"@executable_path/Frameworks",
					"@loader_path/Frameworks",
				);
				PRODUCT_BUNDLE_IDENTIFIER = com.w3care.testTests;
				PRODUCT_NAME = "$(TARGET_NAME)";
				SWIFT_VERSION = 5.0;
				TARGETED_DEVICE_FAMILY = "1,2";
				TEST_HOST = "$(BUILT_PRODUCTS_DIR)/test.app/test";
			};
			name = Release;
		};
		A4E37C2522AE770B00F3BCB8 /* Debug */ = {
			isa = XCBuildConfiguration;
			buildSettings = {
				ALWAYS_EMBED_SWIFT_STANDARD_LIBRARIES = YES;
				CODE_SIGN_STYLE = Automatic;
				DEVELOPMENT_TEAM = NCV2926QB3;
				INFOPLIST_FILE = testUITests/Info.plist;
				LD_RUNPATH_SEARCH_PATHS = (
					"$(inherited)",
					"@executable_path/Frameworks",
					"@loader_path/Frameworks",
				);
				PRODUCT_BUNDLE_IDENTIFIER = com.w3care.testUITests;
				PRODUCT_NAME = "$(TARGET_NAME)";
				SWIFT_VERSION = 5.0;
				TARGETED_DEVICE_FAMILY = "1,2";
				TEST_TARGET_NAME = test;
			};
			name = Debug;
		};
		A4E37C2622AE770B00F3BCB8 /* Release */ = {
			isa = XCBuildConfiguration;
			buildSettings = {
				ALWAYS_EMBED_SWIFT_STANDARD_LIBRARIES = YES;
				CODE_SIGN_STYLE = Automatic;
				DEVELOPMENT_TEAM = NCV2926QB3;
				INFOPLIST_FILE = testUITests/Info.plist;
				LD_RUNPATH_SEARCH_PATHS = (
					"$(inherited)",
					"@executable_path/Frameworks",
					"@loader_path/Frameworks",
				);
				PRODUCT_BUNDLE_IDENTIFIER = com.w3care.testUITests;
				PRODUCT_NAME = "$(TARGET_NAME)";
				SWIFT_VERSION = 5.0;
				TARGETED_DEVICE_FAMILY = "1,2";
				TEST_TARGET_NAME = test;
			};
			name = Release;
		};
/* End XCBuildConfiguration section */

/* Begin XCConfigurationList section */
		A4E37BF122AE770900F3BCB8 /* Build configuration list for PBXProject "test" */ = {
			isa = XCConfigurationList;
			buildConfigurations = (
				A4E37C1C22AE770B00F3BCB8 /* Debug */,
				A4E37C1D22AE770B00F3BCB8 /* Release */,
			);
			defaultConfigurationIsVisible = 0;
			defaultConfigurationName = Release;
		};
		A4E37C1E22AE770B00F3BCB8 /* Build configuration list for PBXNativeTarget "test" */ = {
			isa = XCConfigurationList;
			buildConfigurations = (
				A4E37C1F22AE770B00F3BCB8 /* Debug */,
				A4E37C2022AE770B00F3BCB8 /* Release */,
			);
			defaultConfigurationIsVisible = 0;
			defaultConfigurationName = Release;
		};
		A4E37C2122AE770B00F3BCB8 /* Build configuration list for PBXNativeTarget "testTests" */ = {
			isa = XCConfigurationList;
			buildConfigurations = (
				A4E37C2222AE770B00F3BCB8 /* Debug */,
				A4E37C2322AE770B00F3BCB8 /* Release */,
			);
			defaultConfigurationIsVisible = 0;
			defaultConfigurationName = Release;
		};
		A4E37C2422AE770B00F3BCB8 /* Build configuration list for PBXNativeTarget "testUITests" */ = {
			isa = XCConfigurationList;
			buildConfigurations = (
				A4E37C2522AE770B00F3BCB8 /* Debug */,
				A4E37C2622AE770B00F3BCB8 /* Release */,
			);
			defaultConfigurationIsVisible = 0;
			defaultConfigurationName = Release;
		};
/* End XCConfigurationList section */
	};
	rootObject = A4E37BEE22AE770900F3BCB8 /* Project object */;
}
